// !$*UTF8*$!
{
	archiveVersion = 1;
	classes = {
	};
	objectVersion = 46;
	objects = {

/* Begin PBXBuildFile section */
		2DDEB7DB1CB681D4000719FF /* main.c in Sources */ = {isa = PBXBuildFile; fileRef = 2DDEB7DA1CB681D4000719FF /* main.c */; };
		2DDEB7E41CB68ABD000719FF /* BPVRangeOfNumber.c in Sources */ = {isa = PBXBuildFile; fileRef = 2DDEB7E21CB68ABD000719FF /* BPVRangeOfNumber.c */; };
		2DDEB7E71CB69E58000719FF /* BPVPrintDataType.c in Sources */ = {isa = PBXBuildFile; fileRef = 2DDEB7E51CB69E58000719FF /* BPVPrintDataType.c */; };
		2DDEB7ED1CB796C4000719FF /* BPVMathFunctions.c in Sources */ = {isa = PBXBuildFile; fileRef = 2DDEB7EB1CB796C4000719FF /* BPVMathFunctions.c */; };
		2DDEB7F01CB7AF7A000719FF /* BPVDevideCode.c in Sources */ = {isa = PBXBuildFile; fileRef = 2DDEB7EE1CB7AF7A000719FF /* BPVDevideCode.c */; };
		2DDEB7F31CB7C9DC000719FF /* BPVBoolFunctions.c in Sources */ = {isa = PBXBuildFile; fileRef = 2DDEB7F11CB7C9DC000719FF /* BPVBoolFunctions.c */; };
		2DDEB7F61CB7E3E6000719FF /* BPVDeputy.c in Sources */ = {isa = PBXBuildFile; fileRef = 2DDEB7F41CB7E3E6000719FF /* BPVDeputy.c */; };
		2DDEB7F91CB7F629000719FF /* BPVArrayInit.c in Sources */ = {isa = PBXBuildFile; fileRef = 2DDEB7F71CB7F629000719FF /* BPVArrayInit.c */; };
		2DDEB7FC1CB807F7000719FF /* BPVLoopsTest.c in Sources */ = {isa = PBXBuildFile; fileRef = 2DDEB7FA1CB807F7000719FF /* BPVLoopsTest.c */; };
		2DDEB7FF1CB96C61000719FF /* BPVRunApplication.c in Sources */ = {isa = PBXBuildFile; fileRef = 2DDEB7FD1CB96C61000719FF /* BPVRunApplication.c */; };
		2DDEB8021CBA9B82000719FF /* BPVStringTest.c in Sources */ = {isa = PBXBuildFile; fileRef = 2DDEB8001CBA9B82000719FF /* BPVStringTest.c */; };
		2DDEB8201CBCF40E000719FF /* BPVMamaPapa.c in Sources */ = {isa = PBXBuildFile; fileRef = 2DDEB81E1CBCF40E000719FF /* BPVMamaPapa.c */; };
/* End PBXBuildFile section */

/* Begin PBXCopyFilesBuildPhase section */
		2DDEB7D51CB681D4000719FF /* CopyFiles */ = {
			isa = PBXCopyFilesBuildPhase;
			buildActionMask = 2147483647;
			dstPath = /usr/share/man/man1/;
			dstSubfolderSpec = 0;
			files = (
			);
			runOnlyForDeploymentPostprocessing = 1;
		};
/* End PBXCopyFilesBuildPhase section */

/* Begin PBXFileReference section */
		2DDEB7D71CB681D4000719FF /* HWDataTypes1 */ = {isa = PBXFileReference; explicitFileType = "compiled.mach-o.executable"; includeInIndex = 0; path = HWDataTypes1; sourceTree = BUILT_PRODUCTS_DIR; };
		2DDEB7DA1CB681D4000719FF /* main.c */ = {isa = PBXFileReference; lastKnownFileType = sourcecode.c.c; path = main.c; sourceTree = "<group>"; };
		2DDEB7E21CB68ABD000719FF /* BPVRangeOfNumber.c */ = {isa = PBXFileReference; fileEncoding = 4; lastKnownFileType = sourcecode.c.c; path = BPVRangeOfNumber.c; sourceTree = "<group>"; };
		2DDEB7E31CB68ABD000719FF /* BPVRangeOfNumber.h */ = {isa = PBXFileReference; fileEncoding = 4; lastKnownFileType = sourcecode.c.h; path = BPVRangeOfNumber.h; sourceTree = "<group>"; };
		2DDEB7E51CB69E58000719FF /* BPVPrintDataType.c */ = {isa = PBXFileReference; fileEncoding = 4; lastKnownFileType = sourcecode.c.c; path = BPVPrintDataType.c; sourceTree = "<group>"; };
		2DDEB7E61CB69E58000719FF /* BPVPrintDataType.h */ = {isa = PBXFileReference; fileEncoding = 4; lastKnownFileType = sourcecode.c.h; path = BPVPrintDataType.h; sourceTree = "<group>"; };
		2DDEB7EB1CB796C4000719FF /* BPVMathFunctions.c */ = {isa = PBXFileReference; fileEncoding = 4; lastKnownFileType = sourcecode.c.c; path = BPVMathFunctions.c; sourceTree = "<group>"; };
		2DDEB7EC1CB796C4000719FF /* BPVMathFunctions.h */ = {isa = PBXFileReference; fileEncoding = 4; lastKnownFileType = sourcecode.c.h; path = BPVMathFunctions.h; sourceTree = "<group>"; };
		2DDEB7EE1CB7AF7A000719FF /* BPVDevideCode.c */ = {isa = PBXFileReference; fileEncoding = 4; lastKnownFileType = sourcecode.c.c; path = BPVDevideCode.c; sourceTree = "<group>"; };
		2DDEB7EF1CB7AF7A000719FF /* BPVDivideCode.h */ = {isa = PBXFileReference; fileEncoding = 4; lastKnownFileType = sourcecode.c.h; path = BPVDivideCode.h; sourceTree = "<group>"; };
		2DDEB7F11CB7C9DC000719FF /* BPVBoolFunctions.c */ = {isa = PBXFileReference; fileEncoding = 4; lastKnownFileType = sourcecode.c.c; path = BPVBoolFunctions.c; sourceTree = "<group>"; };
		2DDEB7F21CB7C9DC000719FF /* BPVBoolFunctions.h */ = {isa = PBXFileReference; fileEncoding = 4; lastKnownFileType = sourcecode.c.h; path = BPVBoolFunctions.h; sourceTree = "<group>"; };
		2DDEB7F41CB7E3E6000719FF /* BPVDeputy.c */ = {isa = PBXFileReference; fileEncoding = 4; lastKnownFileType = sourcecode.c.c; path = BPVDeputy.c; sourceTree = "<group>"; };
		2DDEB7F51CB7E3E6000719FF /* BPVDeputy.h */ = {isa = PBXFileReference; fileEncoding = 4; lastKnownFileType = sourcecode.c.h; path = BPVDeputy.h; sourceTree = "<group>"; };
		2DDEB7F71CB7F629000719FF /* BPVArrayInit.c */ = {isa = PBXFileReference; fileEncoding = 4; lastKnownFileType = sourcecode.c.c; path = BPVArrayInit.c; sourceTree = "<group>"; };
		2DDEB7F81CB7F629000719FF /* BPVArrayInit.h */ = {isa = PBXFileReference; fileEncoding = 4; lastKnownFileType = sourcecode.c.h; path = BPVArrayInit.h; sourceTree = "<group>"; };
		2DDEB7FA1CB807F7000719FF /* BPVLoopsTest.c */ = {isa = PBXFileReference; fileEncoding = 4; lastKnownFileType = sourcecode.c.c; path = BPVLoopsTest.c; sourceTree = "<group>"; };
		2DDEB7FB1CB807F7000719FF /* BPVLoopsTest.h */ = {isa = PBXFileReference; fileEncoding = 4; lastKnownFileType = sourcecode.c.h; path = BPVLoopsTest.h; sourceTree = "<group>"; };
		2DDEB7FD1CB96C61000719FF /* BPVRunApplication.c */ = {isa = PBXFileReference; fileEncoding = 4; lastKnownFileType = sourcecode.c.c; path = BPVRunApplication.c; sourceTree = "<group>"; };
		2DDEB7FE1CB96C61000719FF /* BPVRunApplication.h */ = {isa = PBXFileReference; fileEncoding = 4; lastKnownFileType = sourcecode.c.h; path = BPVRunApplication.h; sourceTree = "<group>"; };
		2DDEB8001CBA9B82000719FF /* BPVStringTest.c */ = {isa = PBXFileReference; fileEncoding = 4; lastKnownFileType = sourcecode.c.c; path = BPVStringTest.c; sourceTree = "<group>"; };
		2DDEB8011CBA9B82000719FF /* BPVStringTest.h */ = {isa = PBXFileReference; fileEncoding = 4; lastKnownFileType = sourcecode.c.h; path = BPVStringTest.h; sourceTree = "<group>"; };
		2DDEB81E1CBCF40E000719FF /* BPVMamaPapa.c */ = {isa = PBXFileReference; fileEncoding = 4; lastKnownFileType = sourcecode.c.c; path = BPVMamaPapa.c; sourceTree = "<group>"; };
		2DDEB81F1CBCF40E000719FF /* BPVMamaPapa.h */ = {isa = PBXFileReference; fileEncoding = 4; lastKnownFileType = sourcecode.c.h; path = BPVMamaPapa.h; sourceTree = "<group>"; };
/* End PBXFileReference section */

/* Begin PBXFrameworksBuildPhase section */
		2DDEB7D41CB681D4000719FF /* Frameworks */ = {
			isa = PBXFrameworksBuildPhase;
			buildActionMask = 2147483647;
			files = (
			);
			runOnlyForDeploymentPostprocessing = 0;
		};
/* End PBXFrameworksBuildPhase section */

/* Begin PBXGroup section */
		2DDEB7CE1CB681D4000719FF = {
			isa = PBXGroup;
			children = (
				2DDEB7E11CB68A89000719FF /* Sources */,
				2DDEB7D91CB681D4000719FF /* HWDataTypes1 */,
				2DDEB7D81CB681D4000719FF /* Products */,
			);
			sourceTree = "<group>";
		};
		2DDEB7D81CB681D4000719FF /* Products */ = {
			isa = PBXGroup;
			children = (
				2DDEB7D71CB681D4000719FF /* HWDataTypes1 */,
			);
			name = Products;
			sourceTree = "<group>";
		};
		2DDEB7D91CB681D4000719FF /* HWDataTypes1 */ = {
			isa = PBXGroup;
			children = (
				2DDEB7DA1CB681D4000719FF /* main.c */,
			);
			path = HWDataTypes1;
			sourceTree = "<group>";
		};
		2DDEB7E11CB68A89000719FF /* Sources */ = {
			isa = PBXGroup;
			children = (
				2DDEB7E31CB68ABD000719FF /* BPVRangeOfNumber.h */,
				2DDEB7E21CB68ABD000719FF /* BPVRangeOfNumber.c */,
				2DDEB7E61CB69E58000719FF /* BPVPrintDataType.h */,
				2DDEB7E51CB69E58000719FF /* BPVPrintDataType.c */,
				2DDEB7EC1CB796C4000719FF /* BPVMathFunctions.h */,
				2DDEB7EB1CB796C4000719FF /* BPVMathFunctions.c */,
				2DDEB7EF1CB7AF7A000719FF /* BPVDivideCode.h */,
				2DDEB7EE1CB7AF7A000719FF /* BPVDevideCode.c */,
				2DDEB7F21CB7C9DC000719FF /* BPVBoolFunctions.h */,
				2DDEB7F11CB7C9DC000719FF /* BPVBoolFunctions.c */,
				2DDEB7F51CB7E3E6000719FF /* BPVDeputy.h */,
				2DDEB7F41CB7E3E6000719FF /* BPVDeputy.c */,
				2DDEB7F81CB7F629000719FF /* BPVArrayInit.h */,
				2DDEB7F71CB7F629000719FF /* BPVArrayInit.c */,
				2DDEB7FB1CB807F7000719FF /* BPVLoopsTest.h */,
				2DDEB7FA1CB807F7000719FF /* BPVLoopsTest.c */,
				2DDEB8011CBA9B82000719FF /* BPVStringTest.h */,
				2DDEB8001CBA9B82000719FF /* BPVStringTest.c */,
				2DDEB81F1CBCF40E000719FF /* BPVMamaPapa.h */,
				2DDEB81E1CBCF40E000719FF /* BPVMamaPapa.c */,
				2DDEB7FE1CB96C61000719FF /* BPVRunApplication.h */,
				2DDEB7FD1CB96C61000719FF /* BPVRunApplication.c */,
			);
			path = Sources;
			sourceTree = "<group>";
		};
/* End PBXGroup section */

/* Begin PBXNativeTarget section */
		2DDEB7D61CB681D4000719FF /* HWDataTypes1 */ = {
			isa = PBXNativeTarget;
			buildConfigurationList = 2DDEB7DE1CB681D4000719FF /* Build configuration list for PBXNativeTarget "HWDataTypes1" */;
			buildPhases = (
				2DDEB7D31CB681D4000719FF /* Sources */,
				2DDEB7D41CB681D4000719FF /* Frameworks */,
				2DDEB7D51CB681D4000719FF /* CopyFiles */,
			);
			buildRules = (
			);
			dependencies = (
			);
			name = HWDataTypes1;
			productName = HWDataTypes1;
			productReference = 2DDEB7D71CB681D4000719FF /* HWDataTypes1 */;
			productType = "com.apple.product-type.tool";
		};
/* End PBXNativeTarget section */

/* Begin PBXProject section */
		2DDEB7CF1CB681D4000719FF /* Project object */ = {
			isa = PBXProject;
			attributes = {
				LastUpgradeCheck = 0730;
				ORGANIZATIONNAME = "Pavel Bondar";
				TargetAttributes = {
					2DDEB7D61CB681D4000719FF = {
						CreatedOnToolsVersion = 7.3;
					};
				};
			};
			buildConfigurationList = 2DDEB7D21CB681D4000719FF /* Build configuration list for PBXProject "HWDataTypes1" */;
			compatibilityVersion = "Xcode 3.2";
			developmentRegion = English;
			hasScannedForEncodings = 0;
			knownRegions = (
				en,
			);
			mainGroup = 2DDEB7CE1CB681D4000719FF;
			productRefGroup = 2DDEB7D81CB681D4000719FF /* Products */;
			projectDirPath = "";
			projectRoot = "";
			targets = (
				2DDEB7D61CB681D4000719FF /* HWDataTypes1 */,
			);
		};
/* End PBXProject section */

/* Begin PBXSourcesBuildPhase section */
		2DDEB7D31CB681D4000719FF /* Sources */ = {
			isa = PBXSourcesBuildPhase;
			buildActionMask = 2147483647;
			files = (
				2DDEB7FF1CB96C61000719FF /* BPVRunApplication.c in Sources */,
				2DDEB7F31CB7C9DC000719FF /* BPVBoolFunctions.c in Sources */,
				2DDEB8021CBA9B82000719FF /* BPVStringTest.c in Sources */,
				2DDEB7E41CB68ABD000719FF /* BPVRangeOfNumber.c in Sources */,
				2DDEB7F01CB7AF7A000719FF /* BPVDevideCode.c in Sources */,
				2DDEB7FC1CB807F7000719FF /* BPVLoopsTest.c in Sources */,
				2DDEB7E71CB69E58000719FF /* BPVPrintDataType.c in Sources */,
				2DDEB7DB1CB681D4000719FF /* main.c in Sources */,
				2DDEB8201CBCF40E000719FF /* BPVMamaPapa.c in Sources */,
				2DDEB7F91CB7F629000719FF /* BPVArrayInit.c in Sources */,
				2DDEB7ED1CB796C4000719FF /* BPVMathFunctions.c in Sources */,
				2DDEB7F61CB7E3E6000719FF /* BPVDeputy.c in Sources */,
			);
			runOnlyForDeploymentPostprocessing = 0;
		};
/* End PBXSourcesBuildPhase section */

/* Begin XCBuildConfiguration section */
		2DDEB7DC1CB681D4000719FF /* Debug */ = {
			isa = XCBuildConfiguration;
			buildSettings = {
				ALWAYS_SEARCH_USER_PATHS = NO;
				CLANG_ANALYZER_NONNULL = YES;
				CLANG_CXX_LANGUAGE_STANDARD = "gnu++0x";
				CLANG_CXX_LIBRARY = "libc++";
				CLANG_ENABLE_MODULES = YES;
				CLANG_ENABLE_OBJC_ARC = YES;
				CLANG_WARN_BOOL_CONVERSION = YES;
				CLANG_WARN_CONSTANT_CONVERSION = YES;
				CLANG_WARN_DIRECT_OBJC_ISA_USAGE = YES_ERROR;
				CLANG_WARN_EMPTY_BODY = YES;
				CLANG_WARN_ENUM_CONVERSION = YES;
				CLANG_WARN_INT_CONVERSION = YES;
				CLANG_WARN_OBJC_ROOT_CLASS = YES_ERROR;
				CLANG_WARN_UNREACHABLE_CODE = YES;
				CLANG_WARN__DUPLICATE_METHOD_MATCH = YES;
				CODE_SIGN_IDENTITY = "-";
				COPY_PHASE_STRIP = NO;
				DEBUG_INFORMATION_FORMAT = dwarf;
				ENABLE_STRICT_OBJC_MSGSEND = YES;
				ENABLE_TESTABILITY = YES;
				GCC_C_LANGUAGE_STANDARD = gnu99;
				GCC_DYNAMIC_NO_PIC = NO;
				GCC_NO_COMMON_BLOCKS = YES;
				GCC_OPTIMIZATION_LEVEL = 0;
				GCC_PREPROCESSOR_DEFINITIONS = (
					"DEBUG=1",
					"$(inherited)",
				);
				GCC_WARN_64_TO_32_BIT_CONVERSION = YES;
				GCC_WARN_ABOUT_RETURN_TYPE = YES_ERROR;
				GCC_WARN_UNDECLARED_SELECTOR = YES;
				GCC_WARN_UNINITIALIZED_AUTOS = YES_AGGRESSIVE;
				GCC_WARN_UNUSED_FUNCTION = YES;
				GCC_WARN_UNUSED_VARIABLE = YES;
				MACOSX_DEPLOYMENT_TARGET = 10.11;
				MTL_ENABLE_DEBUG_INFO = YES;
				ONLY_ACTIVE_ARCH = YES;
				SDKROOT = macosx;
			};
			name = Debug;
		};
		2DDEB7DD1CB681D4000719FF /* Release */ = {
			isa = XCBuildConfiguration;
			buildSettings = {
				ALWAYS_SEARCH_USER_PATHS = NO;
				CLANG_ANALYZER_NONNULL = YES;
				CLANG_CXX_LANGUAGE_STANDARD = "gnu++0x";
				CLANG_CXX_LIBRARY = "libc++";
				CLANG_ENABLE_MODULES = YES;
				CLANG_ENABLE_OBJC_ARC = YES;
				CLANG_WARN_BOOL_CONVERSION = YES;
				CLANG_WARN_CONSTANT_CONVERSION = YES;
				CLANG_WARN_DIRECT_OBJC_ISA_USAGE = YES_ERROR;
				CLANG_WARN_EMPTY_BODY = YES;
				CLANG_WARN_ENUM_CONVERSION = YES;
				CLANG_WARN_INT_CONVERSION = YES;
				CLANG_WARN_OBJC_ROOT_CLASS = YES_ERROR;
				CLANG_WARN_UNREACHABLE_CODE = YES;
				CLANG_WARN__DUPLICATE_METHOD_MATCH = YES;
				CODE_SIGN_IDENTITY = "-";
				COPY_PHASE_STRIP = NO;
				DEBUG_INFORMATION_FORMAT = "dwarf-with-dsym";
				ENABLE_NS_ASSERTIONS = NO;
				ENABLE_STRICT_OBJC_MSGSEND = YES;
				GCC_C_LANGUAGE_STANDARD = gnu99;
				GCC_NO_COMMON_BLOCKS = YES;
				GCC_WARN_64_TO_32_BIT_CONVERSION = YES;
				GCC_WARN_ABOUT_RETURN_TYPE = YES_ERROR;
				GCC_WARN_UNDECLARED_SELECTOR = YES;
				GCC_WARN_UNINITIALIZED_AUTOS = YES_AGGRESSIVE;
				GCC_WARN_UNUSED_FUNCTION = YES;
				GCC_WARN_UNUSED_VARIABLE = YES;
				MACOSX_DEPLOYMENT_TARGET = 10.11;
				MTL_ENABLE_DEBUG_INFO = NO;
				SDKROOT = macosx;
			};
			name = Release;
		};
		2DDEB7DF1CB681D4000719FF /* Debug */ = {
			isa = XCBuildConfiguration;
			buildSettings = {
				MACOSX_DEPLOYMENT_TARGET = 10.10;
				PRODUCT_NAME = "$(TARGET_NAME)";
			};
			name = Debug;
		};
		2DDEB7E01CB681D4000719FF /* Release */ = {
			isa = XCBuildConfiguration;
			buildSettings = {
				MACOSX_DEPLOYMENT_TARGET = 10.10;
				PRODUCT_NAME = "$(TARGET_NAME)";
			};
			name = Release;
		};
/* End XCBuildConfiguration section */

/* Begin XCConfigurationList section */
		2DDEB7D21CB681D4000719FF /* Build configuration list for PBXProject "HWDataTypes1" */ = {
			isa = XCConfigurationList;
			buildConfigurations = (
				2DDEB7DC1CB681D4000719FF /* Debug */,
				2DDEB7DD1CB681D4000719FF /* Release */,
			);
			defaultConfigurationIsVisible = 0;
			defaultConfigurationName = Release;
		};
		2DDEB7DE1CB681D4000719FF /* Build configuration list for PBXNativeTarget "HWDataTypes1" */ = {
			isa = XCConfigurationList;
			buildConfigurations = (
				2DDEB7DF1CB681D4000719FF /* Debug */,
				2DDEB7E01CB681D4000719FF /* Release */,
			);
			defaultConfigurationIsVisible = 0;
			defaultConfigurationName = Release;
		};
/* End XCConfigurationList section */
	};
	rootObject = 2DDEB7CF1CB681D4000719FF /* Project object */;
}
